
Microsoft Visual Studio Solution File, Format Version 12.00
# Visual Studio Version 16
VisualStudioVersion = 16.0.31729.503
MinimumVisualStudioVersion = 10.0.40219.1
Project("{FAE04EC0-301F-11D3-BF4B-00C04F79EFBC}") = "Multicast Delegate", "Multicast Delegate.csproj", "{5C07F4BB-5236-48BC-B127-6C0540293B60}"
EndProject
Global
	GlobalSection(SolutionConfigurationPlatforms) = preSolution
		Debug|Any CPU = Debug|Any CPU
		Release|Any CPU = Release|Any CPU
	EndGlobalSection
	GlobalSection(ProjectConfigurationPlatforms) = postSolution
		{5C07F4BB-5236-48BC-B127-6C0540293B60}.Debug|Any CPU.ActiveCfg = Debug|Any CPU
		{5C07F4BB-5236-48BC-B127-6C0540293B60}.Debug|Any CPU.Build.0 = Debug|Any CPU
		{5C07F4BB-5236-48BC-B127-6C0540293B60}.Release|Any CPU.ActiveCfg = Release|Any CPU
		{5C07F4BB-5236-48BC-B127-6C0540293B60}.Release|Any CPU.Build.0 = Release|Any CPU
	EndGlobalSection
	GlobalSection(SolutionProperties) = preSolution
		HideSolutionNode = FALSE
	EndGlobalSection
	GlobalSection(ExtensibilityGlobals) = postSolution
		SolutionGuid = {A20050D4-0791-49A6-B0ED-7D4149CAD00E}
	EndGlobalSection
EndGlobal
